// !$*UTF8*$!
{
	archiveVersion = 1;
	classes = {
	};
	objectVersion = 48;
	objects = {

/* Begin PBXBuildFile section */
		21BBA56C1FAE6BB9007EB8AB /* Main.storyboard in Resources */ = {isa = PBXBuildFile; fileRef = 21BBA56A1FAE6BB9007EB8AB /* Main.storyboard */; };
		21BBA56E1FAE6BB9007EB8AB /* Assets.xcassets in Resources */ = {isa = PBXBuildFile; fileRef = 21BBA56D1FAE6BB9007EB8AB /* Assets.xcassets */; };
		21BBA5711FAE6BB9007EB8AB /* LaunchScreen.storyboard in Resources */ = {isa = PBXBuildFile; fileRef = 21BBA56F1FAE6BB9007EB8AB /* LaunchScreen.storyboard */; };
		21BBA58B1FAE7B79007EB8AB /* ProfileViewController.swift in Sources */ = {isa = PBXBuildFile; fileRef = 21BBA58A1FAE7B79007EB8AB /* ProfileViewController.swift */; };
		21DAA1EF1FB26EEC002729F9 /* InviteViewController.swift in Sources */ = {isa = PBXBuildFile; fileRef = 21DAA1EE1FB26EEC002729F9 /* InviteViewController.swift */; };
		21DAA1F11FB26EF5002729F9 /* PrivacyViewController.swift in Sources */ = {isa = PBXBuildFile; fileRef = 21DAA1F01FB26EF5002729F9 /* PrivacyViewController.swift */; };
		91023A4E04A2A684D47F4B1B /* Pods_Hamburger_2.framework in Frameworks */ = {isa = PBXBuildFile; fileRef = 57A9AB8673BD5D306892548A /* Pods_Hamburger_2.framework */; };
		9E3069D01FB7AE9700EBB1AF /* ProfileTableViewController.swift in Sources */ = {isa = PBXBuildFile; fileRef = 9E3069CF1FB7AE9700EBB1AF /* ProfileTableViewController.swift */; };
		9E679E271FCA1C58001315A5 /* NavigationTitleLabel.swift in Sources */ = {isa = PBXBuildFile; fileRef = 9E679E261FCA1C58001315A5 /* NavigationTitleLabel.swift */; };
		FCDBEE052138380A004F33BE /* CreateIDsTableViewController.swift in Sources */ = {isa = PBXBuildFile; fileRef = FCDBEDFF2138380A004F33BE /* CreateIDsTableViewController.swift */; };
		FCDBEE062138380A004F33BE /* HelpPageViewController.swift in Sources */ = {isa = PBXBuildFile; fileRef = FCDBEE002138380A004F33BE /* HelpPageViewController.swift */; };
		FCDBEE072138380A004F33BE /* StartingViewController.swift in Sources */ = {isa = PBXBuildFile; fileRef = FCDBEE012138380A004F33BE /* StartingViewController.swift */; };
		FCDBEE082138380A004F33BE /* AssignIDsTableViewController.swift in Sources */ = {isa = PBXBuildFile; fileRef = FCDBEE022138380A004F33BE /* AssignIDsTableViewController.swift */; };
		FCDBEE092138380A004F33BE /* LoginViewController.swift in Sources */ = {isa = PBXBuildFile; fileRef = FCDBEE032138380A004F33BE /* LoginViewController.swift */; };
		FCDBEE0A2138380A004F33BE /* CreateProfileViewController.swift in Sources */ = {isa = PBXBuildFile; fileRef = FCDBEE042138380A004F33BE /* CreateProfileViewController.swift */; };
		FCDBEE1121383822004F33BE /* SearchViewController.swift in Sources */ = {isa = PBXBuildFile; fileRef = FCDBEE0C21383822004F33BE /* SearchViewController.swift */; };
		FCDBEE1221383822004F33BE /* ContactsViewController.swift in Sources */ = {isa = PBXBuildFile; fileRef = FCDBEE0D21383822004F33BE /* ContactsViewController.swift */; };
		FCDBEE1321383822004F33BE /* MyProfileTableViewController.swift in Sources */ = {isa = PBXBuildFile; fileRef = FCDBEE0E21383822004F33BE /* MyProfileTableViewController.swift */; };
		FCDBEE1421383822004F33BE /* NotificationsViewController.swift in Sources */ = {isa = PBXBuildFile; fileRef = FCDBEE0F21383822004F33BE /* NotificationsViewController.swift */; };
		FCDBEE1521383822004F33BE /* TabBarController.swift in Sources */ = {isa = PBXBuildFile; fileRef = FCDBEE1021383822004F33BE /* TabBarController.swift */; };
		FCDBEE1A21383838004F33BE /* ContactsPageViewController.swift in Sources */ = {isa = PBXBuildFile; fileRef = FCDBEE1721383838004F33BE /* ContactsPageViewController.swift */; };
		FCDBEE1B21383838004F33BE /* GroupsViewController.swift in Sources */ = {isa = PBXBuildFile; fileRef = FCDBEE1821383838004F33BE /* GroupsViewController.swift */; };
		FCDBEE1C21383838004F33BE /* PeopleViewController.swift in Sources */ = {isa = PBXBuildFile; fileRef = FCDBEE1921383838004F33BE /* PeopleViewController.swift */; };
		FCDBEE242138385A004F33BE /* GroupContactTableViewController.swift in Sources */ = {isa = PBXBuildFile; fileRef = FCDBEE1E2138385A004F33BE /* GroupContactTableViewController.swift */; };
		FCDBEE252138385A004F33BE /* GroupMembersTableViewController.swift in Sources */ = {isa = PBXBuildFile; fileRef = FCDBEE1F2138385A004F33BE /* GroupMembersTableViewController.swift */; };
		FCDBEE262138385A004F33BE /* GroupViewController.swift in Sources */ = {isa = PBXBuildFile; fileRef = FCDBEE202138385A004F33BE /* GroupViewController.swift */; };
		FCDBEE272138385A004F33BE /* GroupListsViewController.swift in Sources */ = {isa = PBXBuildFile; fileRef = FCDBEE212138385A004F33BE /* GroupListsViewController.swift */; };
		FCDBEE282138385A004F33BE /* GroupMembersViewController.swift in Sources */ = {isa = PBXBuildFile; fileRef = FCDBEE222138385A004F33BE /* GroupMembersViewController.swift */; };
		FCDBEE292138385A004F33BE /* GroupPageViewController.swift in Sources */ = {isa = PBXBuildFile; fileRef = FCDBEE232138385A004F33BE /* GroupPageViewController.swift */; };
		FCDBEE2F2138386A004F33BE /* ProfileMenuViewController.swift in Sources */ = {isa = PBXBuildFile; fileRef = FCDBEE2B2138386A004F33BE /* ProfileMenuViewController.swift */; };
		FCDBEE302138386A004F33BE /* SetConnectionMenuViewController.swift in Sources */ = {isa = PBXBuildFile; fileRef = FCDBEE2C2138386A004F33BE /* SetConnectionMenuViewController.swift */; };
		FCDBEE312138386A004F33BE /* MyProfileMenuViewController.swift in Sources */ = {isa = PBXBuildFile; fileRef = FCDBEE2D2138386A004F33BE /* MyProfileMenuViewController.swift */; };
		FCDBEE322138386A004F33BE /* MenuViewController.swift in Sources */ = {isa = PBXBuildFile; fileRef = FCDBEE2E2138386A004F33BE /* MenuViewController.swift */; };
		FCDBEE3621383882004F33BE /* AllFriendRequestsViewController.swift in Sources */ = {isa = PBXBuildFile; fileRef = FCDBEE3421383881004F33BE /* AllFriendRequestsViewController.swift */; };
		FCDBEE3721383882004F33BE /* AllFriendRequestsTableViewController.swift in Sources */ = {isa = PBXBuildFile; fileRef = FCDBEE3521383881004F33BE /* AllFriendRequestsTableViewController.swift */; };
		FCDBEE3D2138388F004F33BE /* TempViewController.swift in Sources */ = {isa = PBXBuildFile; fileRef = FCDBEE392138388E004F33BE /* TempViewController.swift */; };
		FCDBEE3E2138388F004F33BE /* MyProfileViewController.swift in Sources */ = {isa = PBXBuildFile; fileRef = FCDBEE3A2138388E004F33BE /* MyProfileViewController.swift */; };
		FCDBEE3F2138388F004F33BE /* MenuViewController2.swift in Sources */ = {isa = PBXBuildFile; fileRef = FCDBEE3B2138388E004F33BE /* MenuViewController2.swift */; };
		FCDBEE402138388F004F33BE /* SettingsViewController.swift in Sources */ = {isa = PBXBuildFile; fileRef = FCDBEE3C2138388E004F33BE /* SettingsViewController.swift */; };
		FCDBEE46213838A6004F33BE /* SettingsTableViewController.swift in Sources */ = {isa = PBXBuildFile; fileRef = FCDBEE42213838A5004F33BE /* SettingsTableViewController.swift */; };
		FCDBEE47213838A6004F33BE /* EditProfileTableViewController.swift in Sources */ = {isa = PBXBuildFile; fileRef = FCDBEE43213838A5004F33BE /* EditProfileTableViewController.swift */; };
		FCDBEE48213838A6004F33BE /* EditProfileViewController.swift in Sources */ = {isa = PBXBuildFile; fileRef = FCDBEE44213838A5004F33BE /* EditProfileViewController.swift */; };
		FCDBEE49213838A6004F33BE /* EditIDsTableViewController.swift in Sources */ = {isa = PBXBuildFile; fileRef = FCDBEE45213838A5004F33BE /* EditIDsTableViewController.swift */; };
		FCDBEE67213838D6004F33BE /* CreateIDsTableViewCell.swift in Sources */ = {isa = PBXBuildFile; fileRef = FCDBEE4C213838D6004F33BE /* CreateIDsTableViewCell.swift */; };
		FCDBEE68213838D6004F33BE /* SettingsHeaderTableViewCell.swift in Sources */ = {isa = PBXBuildFile; fileRef = FCDBEE4D213838D6004F33BE /* SettingsHeaderTableViewCell.swift */; };
		FCDBEE69213838D6004F33BE /* SettingsTableViewCell.swift in Sources */ = {isa = PBXBuildFile; fileRef = FCDBEE4E213838D6004F33BE /* SettingsTableViewCell.swift */; };
		FCDBEE6A213838D6004F33BE /* AssignIDTableViewCell.swift in Sources */ = {isa = PBXBuildFile; fileRef = FCDBEE4F213838D6004F33BE /* AssignIDTableViewCell.swift */; };
		FCDBEE6B213838D6004F33BE /* SearchTableViewCell.swift in Sources */ = {isa = PBXBuildFile; fileRef = FCDBEE51213838D6004F33BE /* SearchTableViewCell.swift */; };
		FCDBEE6C213838D6004F33BE /* MenuTableViewCell.swift in Sources */ = {isa = PBXBuildFile; fileRef = FCDBEE52213838D6004F33BE /* MenuTableViewCell.swift */; };
		FCDBEE6D213838D6004F33BE /* ContactTableSearchCell.swift in Sources */ = {isa = PBXBuildFile; fileRef = FCDBEE54213838D6004F33BE /* ContactTableSearchCell.swift */; };
		FCDBEE6E213838D6004F33BE /* ContactTableCell.swift in Sources */ = {isa = PBXBuildFile; fileRef = FCDBEE55213838D6004F33BE /* ContactTableCell.swift */; };
		FCDBEE6F213838D6004F33BE /* AlphabetHeaderTableViewCell.swift in Sources */ = {isa = PBXBuildFile; fileRef = FCDBEE56213838D6004F33BE /* AlphabetHeaderTableViewCell.swift */; };
		FCDBEE70213838D6004F33BE /* GroupContactTableCell.swift in Sources */ = {isa = PBXBuildFile; fileRef = FCDBEE58213838D6004F33BE /* GroupContactTableCell.swift */; };
		FCDBEE71213838D6004F33BE /* ProfileHeaderTableViewCell.swift in Sources */ = {isa = PBXBuildFile; fileRef = FCDBEE59213838D6004F33BE /* ProfileHeaderTableViewCell.swift */; };
		FCDBEE72213838D6004F33BE /* InfoTableViewCell.swift in Sources */ = {isa = PBXBuildFile; fileRef = FCDBEE5A213838D6004F33BE /* InfoTableViewCell.swift */; };
		FCDBEE73213838D6004F33BE /* ProfileSectionHeaderView.swift in Sources */ = {isa = PBXBuildFile; fileRef = FCDBEE5C213838D6004F33BE /* ProfileSectionHeaderView.swift */; };
		FCDBEE74213838D6004F33BE /* ProfileSectionHeaderView.xib in Resources */ = {isa = PBXBuildFile; fileRef = FCDBEE5D213838D6004F33BE /* ProfileSectionHeaderView.xib */; };
		FCDBEE75213838D6004F33BE /* GroupTableCell.swift in Sources */ = {isa = PBXBuildFile; fileRef = FCDBEE5E213838D6004F33BE /* GroupTableCell.swift */; };
		FCDBEE76213838D6004F33BE /* NotificationTableCell.swift in Sources */ = {isa = PBXBuildFile; fileRef = FCDBEE60213838D6004F33BE /* NotificationTableCell.swift */; };
		FCDBEE77213838D6004F33BE /* SeeMoreRequestsTableViewCell.swift in Sources */ = {isa = PBXBuildFile; fileRef = FCDBEE61213838D6004F33BE /* SeeMoreRequestsTableViewCell.swift */; };
		FCDBEE78213838D6004F33BE /* FriendRequestTableViewCell.swift in Sources */ = {isa = PBXBuildFile; fileRef = FCDBEE62213838D6004F33BE /* FriendRequestTableViewCell.swift */; };
		FCDBEE79213838D6004F33BE /* NotificationTableViewCell.swift in Sources */ = {isa = PBXBuildFile; fileRef = FCDBEE63213838D6004F33BE /* NotificationTableViewCell.swift */; };
		FCDBEE7A213838D6004F33BE /* ConnectionMenuTableViewCell.swift in Sources */ = {isa = PBXBuildFile; fileRef = FCDBEE65213838D6004F33BE /* ConnectionMenuTableViewCell.swift */; };
		FCDBEE7B213838D6004F33BE /* ConnectionMenuHeaderTableViewCell.swift in Sources */ = {isa = PBXBuildFile; fileRef = FCDBEE66213838D6004F33BE /* ConnectionMenuHeaderTableViewCell.swift */; };
		FCDBEE7F21383978004F33BE /* SettingsTableHeaderView.xib in Resources */ = {isa = PBXBuildFile; fileRef = FCDBEE7D21383978004F33BE /* SettingsTableHeaderView.xib */; };
		FCDBEE8021383978004F33BE /* SettingsTableHeaderView.swift in Sources */ = {isa = PBXBuildFile; fileRef = FCDBEE7E21383978004F33BE /* SettingsTableHeaderView.swift */; };
		FCDBEE84213839AB004F33BE /* APIService.swift in Sources */ = {isa = PBXBuildFile; fileRef = FCDBEE82213839AA004F33BE /* APIService.swift */; };
		FCDBEE85213839AB004F33BE /* Helpers.swift in Sources */ = {isa = PBXBuildFile; fileRef = FCDBEE83213839AA004F33BE /* Helpers.swift */; };
		FCDBEE8F213839D2004F33BE /* UIView.swift in Sources */ = {isa = PBXBuildFile; fileRef = FCDBEE87213839D1004F33BE /* UIView.swift */; };
		FCDBEE90213839D2004F33BE /* Collection.swift in Sources */ = {isa = PBXBuildFile; fileRef = FCDBEE88213839D1004F33BE /* Collection.swift */; };
		FCDBEE91213839D2004F33BE /* UIColor.swift in Sources */ = {isa = PBXBuildFile; fileRef = FCDBEE89213839D1004F33BE /* UIColor.swift */; };
		FCDBEE92213839D2004F33BE /* UITextField.swift in Sources */ = {isa = PBXBuildFile; fileRef = FCDBEE8A213839D1004F33BE /* UITextField.swift */; };
		FCDBEE93213839D2004F33BE /* UITableViewCell.swift in Sources */ = {isa = PBXBuildFile; fileRef = FCDBEE8B213839D1004F33BE /* UITableViewCell.swift */; };
		FCDBEE94213839D2004F33BE /* String.swift in Sources */ = {isa = PBXBuildFile; fileRef = FCDBEE8C213839D1004F33BE /* String.swift */; };
		FCDBEE95213839D2004F33BE /* UIImage.swift in Sources */ = {isa = PBXBuildFile; fileRef = FCDBEE8D213839D1004F33BE /* UIImage.swift */; };
		FCDBEE96213839D2004F33BE /* UIViewController.swift in Sources */ = {isa = PBXBuildFile; fileRef = FCDBEE8E213839D1004F33BE /* UIViewController.swift */; };
		FCDBEE9B213839E7004F33BE /* SWRevealViewController.m in Sources */ = {isa = PBXBuildFile; fileRef = FCDBEE9A213839E6004F33BE /* SWRevealViewController.m */; };
		FCDBEE9F21383A0D004F33BE /* ActualData.swift in Sources */ = {isa = PBXBuildFile; fileRef = FCDBEE9D21383A0D004F33BE /* ActualData.swift */; };
		FCDBEEA021383A0D004F33BE /* DataBuilder.swift in Sources */ = {isa = PBXBuildFile; fileRef = FCDBEE9E21383A0D004F33BE /* DataBuilder.swift */; };
		FCDBEEA821383A27004F33BE /* Person.swift in Sources */ = {isa = PBXBuildFile; fileRef = FCDBEEA221383A26004F33BE /* Person.swift */; };
		FCDBEEA921383A27004F33BE /* Info.swift in Sources */ = {isa = PBXBuildFile; fileRef = FCDBEEA321383A26004F33BE /* Info.swift */; };
		FCDBEEAA21383A27004F33BE /* User.swift in Sources */ = {isa = PBXBuildFile; fileRef = FCDBEEA421383A26004F33BE /* User.swift */; };
		FCDBEEAB21383A27004F33BE /* Notification.swift in Sources */ = {isa = PBXBuildFile; fileRef = FCDBEEA521383A26004F33BE /* Notification.swift */; };
		FCDBEEAC21383A27004F33BE /* FriendRequest.swift in Sources */ = {isa = PBXBuildFile; fileRef = FCDBEEA621383A26004F33BE /* FriendRequest.swift */; };
		FCDBEEAD21383A27004F33BE /* Group.swift in Sources */ = {isa = PBXBuildFile; fileRef = FCDBEEA721383A26004F33BE /* Group.swift */; };
		FCDBEEAF21383A42004F33BE /* ExternalInteractions.swift in Sources */ = {isa = PBXBuildFile; fileRef = FCDBEEAE21383A42004F33BE /* ExternalInteractions.swift */; };
		FCDBEEB221383A54004F33BE /* Info.plist in Resources */ = {isa = PBXBuildFile; fileRef = FCDBEEB021383A54004F33BE /* Info.plist */; };
		FCDBEEB321383A54004F33BE /* GoogleService-Info.plist in Resources */ = {isa = PBXBuildFile; fileRef = FCDBEEB121383A54004F33BE /* GoogleService-Info.plist */; };
		FCDBEEB521383A66004F33BE /* PreLogin.storyboard in Resources */ = {isa = PBXBuildFile; fileRef = FCDBEEB421383A65004F33BE /* PreLogin.storyboard */; };
		FCDBEEB721383AB4004F33BE /* AppDelegate.swift in Sources */ = {isa = PBXBuildFile; fileRef = FCDBEEB621383AB4004F33BE /* AppDelegate.swift */; };
		FCDBEEB921383AC7004F33BE /* Constants.swift in Sources */ = {isa = PBXBuildFile; fileRef = FCDBEEB821383AC7004F33BE /* Constants.swift */; };
/* End PBXBuildFile section */

/* Begin PBXFileReference section */
		21BBA5631FAE6BB9007EB8AB /* Hamburger 2.app */ = {isa = PBXFileReference; explicitFileType = wrapper.application; includeInIndex = 0; path = "Hamburger 2.app"; sourceTree = BUILT_PRODUCTS_DIR; };
		21BBA56B1FAE6BB9007EB8AB /* Base */ = {isa = PBXFileReference; lastKnownFileType = file.storyboard; name = Base; path = Base.lproj/Main.storyboard; sourceTree = "<group>"; };
		21BBA56D1FAE6BB9007EB8AB /* Assets.xcassets */ = {isa = PBXFileReference; lastKnownFileType = folder.assetcatalog; path = Assets.xcassets; sourceTree = "<group>"; };
		21BBA5701FAE6BB9007EB8AB /* Base */ = {isa = PBXFileReference; lastKnownFileType = file.storyboard; name = Base; path = Base.lproj/LaunchScreen.storyboard; sourceTree = "<group>"; };
		21BBA58A1FAE7B79007EB8AB /* ProfileViewController.swift */ = {isa = PBXFileReference; lastKnownFileType = sourcecode.swift; path = ProfileViewController.swift; sourceTree = "<group>"; };
		21DAA1EE1FB26EEC002729F9 /* InviteViewController.swift */ = {isa = PBXFileReference; lastKnownFileType = sourcecode.swift; path = InviteViewController.swift; sourceTree = "<group>"; };
		21DAA1F01FB26EF5002729F9 /* PrivacyViewController.swift */ = {isa = PBXFileReference; lastKnownFileType = sourcecode.swift; path = PrivacyViewController.swift; sourceTree = "<group>"; };
		57A9AB8673BD5D306892548A /* Pods_Hamburger_2.framework */ = {isa = PBXFileReference; explicitFileType = wrapper.framework; includeInIndex = 0; path = Pods_Hamburger_2.framework; sourceTree = BUILT_PRODUCTS_DIR; };
		648E17799793B1B6B14E82A2 /* Pods-Hamburger 2.debug.xcconfig */ = {isa = PBXFileReference; includeInIndex = 1; lastKnownFileType = text.xcconfig; name = "Pods-Hamburger 2.debug.xcconfig"; path = "Pods/Target Support Files/Pods-Hamburger 2/Pods-Hamburger 2.debug.xcconfig"; sourceTree = "<group>"; };
		809961C6E99ABBE84077CBAB /* Pods-Hamburger 2.release.xcconfig */ = {isa = PBXFileReference; includeInIndex = 1; lastKnownFileType = text.xcconfig; name = "Pods-Hamburger 2.release.xcconfig"; path = "Pods/Target Support Files/Pods-Hamburger 2/Pods-Hamburger 2.release.xcconfig"; sourceTree = "<group>"; };
		9E3069CF1FB7AE9700EBB1AF /* ProfileTableViewController.swift */ = {isa = PBXFileReference; lastKnownFileType = sourcecode.swift; path = ProfileTableViewController.swift; sourceTree = "<group>"; };
		9E679E261FCA1C58001315A5 /* NavigationTitleLabel.swift */ = {isa = PBXFileReference; lastKnownFileType = sourcecode.swift; path = NavigationTitleLabel.swift; sourceTree = "<group>"; };
		FCDBEDFF2138380A004F33BE /* CreateIDsTableViewController.swift */ = {isa = PBXFileReference; fileEncoding = 4; lastKnownFileType = sourcecode.swift; path = CreateIDsTableViewController.swift; sourceTree = "<group>"; };
		FCDBEE002138380A004F33BE /* HelpPageViewController.swift */ = {isa = PBXFileReference; fileEncoding = 4; lastKnownFileType = sourcecode.swift; path = HelpPageViewController.swift; sourceTree = "<group>"; };
		FCDBEE012138380A004F33BE /* StartingViewController.swift */ = {isa = PBXFileReference; fileEncoding = 4; lastKnownFileType = sourcecode.swift; path = StartingViewController.swift; sourceTree = "<group>"; };
		FCDBEE022138380A004F33BE /* AssignIDsTableViewController.swift */ = {isa = PBXFileReference; fileEncoding = 4; lastKnownFileType = sourcecode.swift; path = AssignIDsTableViewController.swift; sourceTree = "<group>"; };
		FCDBEE032138380A004F33BE /* LoginViewController.swift */ = {isa = PBXFileReference; fileEncoding = 4; lastKnownFileType = sourcecode.swift; path = LoginViewController.swift; sourceTree = "<group>"; };
		FCDBEE042138380A004F33BE /* CreateProfileViewController.swift */ = {isa = PBXFileReference; fileEncoding = 4; lastKnownFileType = sourcecode.swift; path = CreateProfileViewController.swift; sourceTree = "<group>"; };
		FCDBEE0C21383822004F33BE /* SearchViewController.swift */ = {isa = PBXFileReference; fileEncoding = 4; lastKnownFileType = sourcecode.swift; path = SearchViewController.swift; sourceTree = "<group>"; };
		FCDBEE0D21383822004F33BE /* ContactsViewController.swift */ = {isa = PBXFileReference; fileEncoding = 4; lastKnownFileType = sourcecode.swift; path = ContactsViewController.swift; sourceTree = "<group>"; };
		FCDBEE0E21383822004F33BE /* MyProfileTableViewController.swift */ = {isa = PBXFileReference; fileEncoding = 4; lastKnownFileType = sourcecode.swift; path = MyProfileTableViewController.swift; sourceTree = "<group>"; };
		FCDBEE0F21383822004F33BE /* NotificationsViewController.swift */ = {isa = PBXFileReference; fileEncoding = 4; lastKnownFileType = sourcecode.swift; path = NotificationsViewController.swift; sourceTree = "<group>"; };
		FCDBEE1021383822004F33BE /* TabBarController.swift */ = {isa = PBXFileReference; fileEncoding = 4; lastKnownFileType = sourcecode.swift; path = TabBarController.swift; sourceTree = "<group>"; };
		FCDBEE1721383838004F33BE /* ContactsPageViewController.swift */ = {isa = PBXFileReference; fileEncoding = 4; lastKnownFileType = sourcecode.swift; path = ContactsPageViewController.swift; sourceTree = "<group>"; };
		FCDBEE1821383838004F33BE /* GroupsViewController.swift */ = {isa = PBXFileReference; fileEncoding = 4; lastKnownFileType = sourcecode.swift; path = GroupsViewController.swift; sourceTree = "<group>"; };
		FCDBEE1921383838004F33BE /* PeopleViewController.swift */ = {isa = PBXFileReference; fileEncoding = 4; lastKnownFileType = sourcecode.swift; path = PeopleViewController.swift; sourceTree = "<group>"; };
		FCDBEE1E2138385A004F33BE /* GroupContactTableViewController.swift */ = {isa = PBXFileReference; fileEncoding = 4; lastKnownFileType = sourcecode.swift; path = GroupContactTableViewController.swift; sourceTree = "<group>"; };
		FCDBEE1F2138385A004F33BE /* GroupMembersTableViewController.swift */ = {isa = PBXFileReference; fileEncoding = 4; lastKnownFileType = sourcecode.swift; path = GroupMembersTableViewController.swift; sourceTree = "<group>"; };
		FCDBEE202138385A004F33BE /* GroupViewController.swift */ = {isa = PBXFileReference; fileEncoding = 4; lastKnownFileType = sourcecode.swift; path = GroupViewController.swift; sourceTree = "<group>"; };
		FCDBEE212138385A004F33BE /* GroupListsViewController.swift */ = {isa = PBXFileReference; fileEncoding = 4; lastKnownFileType = sourcecode.swift; path = GroupListsViewController.swift; sourceTree = "<group>"; };
		FCDBEE222138385A004F33BE /* GroupMembersViewController.swift */ = {isa = PBXFileReference; fileEncoding = 4; lastKnownFileType = sourcecode.swift; path = GroupMembersViewController.swift; sourceTree = "<group>"; };
		FCDBEE232138385A004F33BE /* GroupPageViewController.swift */ = {isa = PBXFileReference; fileEncoding = 4; lastKnownFileType = sourcecode.swift; path = GroupPageViewController.swift; sourceTree = "<group>"; };
		FCDBEE2B2138386A004F33BE /* ProfileMenuViewController.swift */ = {isa = PBXFileReference; fileEncoding = 4; lastKnownFileType = sourcecode.swift; path = ProfileMenuViewController.swift; sourceTree = "<group>"; };
		FCDBEE2C2138386A004F33BE /* SetConnectionMenuViewController.swift */ = {isa = PBXFileReference; fileEncoding = 4; lastKnownFileType = sourcecode.swift; path = SetConnectionMenuViewController.swift; sourceTree = "<group>"; };
		FCDBEE2D2138386A004F33BE /* MyProfileMenuViewController.swift */ = {isa = PBXFileReference; fileEncoding = 4; lastKnownFileType = sourcecode.swift; path = MyProfileMenuViewController.swift; sourceTree = "<group>"; };
		FCDBEE2E2138386A004F33BE /* MenuViewController.swift */ = {isa = PBXFileReference; fileEncoding = 4; lastKnownFileType = sourcecode.swift; path = MenuViewController.swift; sourceTree = "<group>"; };
		FCDBEE3421383881004F33BE /* AllFriendRequestsViewController.swift */ = {isa = PBXFileReference; fileEncoding = 4; lastKnownFileType = sourcecode.swift; path = AllFriendRequestsViewController.swift; sourceTree = "<group>"; };
		FCDBEE3521383881004F33BE /* AllFriendRequestsTableViewController.swift */ = {isa = PBXFileReference; fileEncoding = 4; lastKnownFileType = sourcecode.swift; path = AllFriendRequestsTableViewController.swift; sourceTree = "<group>"; };
		FCDBEE392138388E004F33BE /* TempViewController.swift */ = {isa = PBXFileReference; fileEncoding = 4; lastKnownFileType = sourcecode.swift; path = TempViewController.swift; sourceTree = "<group>"; };
		FCDBEE3A2138388E004F33BE /* MyProfileViewController.swift */ = {isa = PBXFileReference; fileEncoding = 4; lastKnownFileType = sourcecode.swift; path = MyProfileViewController.swift; sourceTree = "<group>"; };
		FCDBEE3B2138388E004F33BE /* MenuViewController2.swift */ = {isa = PBXFileReference; fileEncoding = 4; lastKnownFileType = sourcecode.swift; path = MenuViewController2.swift; sourceTree = "<group>"; };
		FCDBEE3C2138388E004F33BE /* SettingsViewController.swift */ = {isa = PBXFileReference; fileEncoding = 4; lastKnownFileType = sourcecode.swift; path = SettingsViewController.swift; sourceTree = "<group>"; };
		FCDBEE42213838A5004F33BE /* SettingsTableViewController.swift */ = {isa = PBXFileReference; fileEncoding = 4; lastKnownFileType = sourcecode.swift; path = SettingsTableViewController.swift; sourceTree = "<group>"; };
		FCDBEE43213838A5004F33BE /* EditProfileTableViewController.swift */ = {isa = PBXFileReference; fileEncoding = 4; lastKnownFileType = sourcecode.swift; path = EditProfileTableViewController.swift; sourceTree = "<group>"; };
		FCDBEE44213838A5004F33BE /* EditProfileViewController.swift */ = {isa = PBXFileReference; fileEncoding = 4; lastKnownFileType = sourcecode.swift; path = EditProfileViewController.swift; sourceTree = "<group>"; };
		FCDBEE45213838A5004F33BE /* EditIDsTableViewController.swift */ = {isa = PBXFileReference; fileEncoding = 4; lastKnownFileType = sourcecode.swift; path = EditIDsTableViewController.swift; sourceTree = "<group>"; };
		FCDBEE4C213838D6004F33BE /* CreateIDsTableViewCell.swift */ = {isa = PBXFileReference; fileEncoding = 4; lastKnownFileType = sourcecode.swift; path = CreateIDsTableViewCell.swift; sourceTree = "<group>"; };
		FCDBEE4D213838D6004F33BE /* SettingsHeaderTableViewCell.swift */ = {isa = PBXFileReference; fileEncoding = 4; lastKnownFileType = sourcecode.swift; path = SettingsHeaderTableViewCell.swift; sourceTree = "<group>"; };
		FCDBEE4E213838D6004F33BE /* SettingsTableViewCell.swift */ = {isa = PBXFileReference; fileEncoding = 4; lastKnownFileType = sourcecode.swift; path = SettingsTableViewCell.swift; sourceTree = "<group>"; };
		FCDBEE4F213838D6004F33BE /* AssignIDTableViewCell.swift */ = {isa = PBXFileReference; fileEncoding = 4; lastKnownFileType = sourcecode.swift; path = AssignIDTableViewCell.swift; sourceTree = "<group>"; };
		FCDBEE51213838D6004F33BE /* SearchTableViewCell.swift */ = {isa = PBXFileReference; fileEncoding = 4; lastKnownFileType = sourcecode.swift; path = SearchTableViewCell.swift; sourceTree = "<group>"; };
		FCDBEE52213838D6004F33BE /* MenuTableViewCell.swift */ = {isa = PBXFileReference; fileEncoding = 4; lastKnownFileType = sourcecode.swift; path = MenuTableViewCell.swift; sourceTree = "<group>"; };
		FCDBEE54213838D6004F33BE /* ContactTableSearchCell.swift */ = {isa = PBXFileReference; fileEncoding = 4; lastKnownFileType = sourcecode.swift; path = ContactTableSearchCell.swift; sourceTree = "<group>"; };
		FCDBEE55213838D6004F33BE /* ContactTableCell.swift */ = {isa = PBXFileReference; fileEncoding = 4; lastKnownFileType = sourcecode.swift; path = ContactTableCell.swift; sourceTree = "<group>"; };
		FCDBEE56213838D6004F33BE /* AlphabetHeaderTableViewCell.swift */ = {isa = PBXFileReference; fileEncoding = 4; lastKnownFileType = sourcecode.swift; path = AlphabetHeaderTableViewCell.swift; sourceTree = "<group>"; };
		FCDBEE58213838D6004F33BE /* GroupContactTableCell.swift */ = {isa = PBXFileReference; fileEncoding = 4; lastKnownFileType = sourcecode.swift; path = GroupContactTableCell.swift; sourceTree = "<group>"; };
		FCDBEE59213838D6004F33BE /* ProfileHeaderTableViewCell.swift */ = {isa = PBXFileReference; fileEncoding = 4; lastKnownFileType = sourcecode.swift; path = ProfileHeaderTableViewCell.swift; sourceTree = "<group>"; };
		FCDBEE5A213838D6004F33BE /* InfoTableViewCell.swift */ = {isa = PBXFileReference; fileEncoding = 4; lastKnownFileType = sourcecode.swift; path = InfoTableViewCell.swift; sourceTree = "<group>"; };
		FCDBEE5C213838D6004F33BE /* ProfileSectionHeaderView.swift */ = {isa = PBXFileReference; fileEncoding = 4; lastKnownFileType = sourcecode.swift; path = ProfileSectionHeaderView.swift; sourceTree = "<group>"; };
		FCDBEE5D213838D6004F33BE /* ProfileSectionHeaderView.xib */ = {isa = PBXFileReference; fileEncoding = 4; lastKnownFileType = file.xib; path = ProfileSectionHeaderView.xib; sourceTree = "<group>"; };
		FCDBEE5E213838D6004F33BE /* GroupTableCell.swift */ = {isa = PBXFileReference; fileEncoding = 4; lastKnownFileType = sourcecode.swift; path = GroupTableCell.swift; sourceTree = "<group>"; };
		FCDBEE60213838D6004F33BE /* NotificationTableCell.swift */ = {isa = PBXFileReference; fileEncoding = 4; lastKnownFileType = sourcecode.swift; path = NotificationTableCell.swift; sourceTree = "<group>"; };
		FCDBEE61213838D6004F33BE /* SeeMoreRequestsTableViewCell.swift */ = {isa = PBXFileReference; fileEncoding = 4; lastKnownFileType = sourcecode.swift; path = SeeMoreRequestsTableViewCell.swift; sourceTree = "<group>"; };
		FCDBEE62213838D6004F33BE /* FriendRequestTableViewCell.swift */ = {isa = PBXFileReference; fileEncoding = 4; lastKnownFileType = sourcecode.swift; path = FriendRequestTableViewCell.swift; sourceTree = "<group>"; };
		FCDBEE63213838D6004F33BE /* NotificationTableViewCell.swift */ = {isa = PBXFileReference; fileEncoding = 4; lastKnownFileType = sourcecode.swift; path = NotificationTableViewCell.swift; sourceTree = "<group>"; };
		FCDBEE65213838D6004F33BE /* ConnectionMenuTableViewCell.swift */ = {isa = PBXFileReference; fileEncoding = 4; lastKnownFileType = sourcecode.swift; path = ConnectionMenuTableViewCell.swift; sourceTree = "<group>"; };
		FCDBEE66213838D6004F33BE /* ConnectionMenuHeaderTableViewCell.swift */ = {isa = PBXFileReference; fileEncoding = 4; lastKnownFileType = sourcecode.swift; path = ConnectionMenuHeaderTableViewCell.swift; sourceTree = "<group>"; };
		FCDBEE7D21383978004F33BE /* SettingsTableHeaderView.xib */ = {isa = PBXFileReference; fileEncoding = 4; lastKnownFileType = file.xib; path = SettingsTableHeaderView.xib; sourceTree = "<group>"; };
		FCDBEE7E21383978004F33BE /* SettingsTableHeaderView.swift */ = {isa = PBXFileReference; fileEncoding = 4; lastKnownFileType = sourcecode.swift; path = SettingsTableHeaderView.swift; sourceTree = "<group>"; };
		FCDBEE82213839AA004F33BE /* APIService.swift */ = {isa = PBXFileReference; fileEncoding = 4; lastKnownFileType = sourcecode.swift; path = APIService.swift; sourceTree = "<group>"; };
		FCDBEE83213839AA004F33BE /* Helpers.swift */ = {isa = PBXFileReference; fileEncoding = 4; lastKnownFileType = sourcecode.swift; path = Helpers.swift; sourceTree = "<group>"; };
		FCDBEE87213839D1004F33BE /* UIView.swift */ = {isa = PBXFileReference; fileEncoding = 4; lastKnownFileType = sourcecode.swift; path = UIView.swift; sourceTree = "<group>"; };
		FCDBEE88213839D1004F33BE /* Collection.swift */ = {isa = PBXFileReference; fileEncoding = 4; lastKnownFileType = sourcecode.swift; path = Collection.swift; sourceTree = "<group>"; };
		FCDBEE89213839D1004F33BE /* UIColor.swift */ = {isa = PBXFileReference; fileEncoding = 4; lastKnownFileType = sourcecode.swift; path = UIColor.swift; sourceTree = "<group>"; };
		FCDBEE8A213839D1004F33BE /* UITextField.swift */ = {isa = PBXFileReference; fileEncoding = 4; lastKnownFileType = sourcecode.swift; path = UITextField.swift; sourceTree = "<group>"; };
		FCDBEE8B213839D1004F33BE /* UITableViewCell.swift */ = {isa = PBXFileReference; fileEncoding = 4; lastKnownFileType = sourcecode.swift; path = UITableViewCell.swift; sourceTree = "<group>"; };
		FCDBEE8C213839D1004F33BE /* String.swift */ = {isa = PBXFileReference; fileEncoding = 4; lastKnownFileType = sourcecode.swift; path = String.swift; sourceTree = "<group>"; };
		FCDBEE8D213839D1004F33BE /* UIImage.swift */ = {isa = PBXFileReference; fileEncoding = 4; lastKnownFileType = sourcecode.swift; path = UIImage.swift; sourceTree = "<group>"; };
		FCDBEE8E213839D1004F33BE /* UIViewController.swift */ = {isa = PBXFileReference; fileEncoding = 4; lastKnownFileType = sourcecode.swift; path = UIViewController.swift; sourceTree = "<group>"; };
		FCDBEE98213839E6004F33BE /* Hamburger 2-Bridging-Header.h */ = {isa = PBXFileReference; fileEncoding = 4; lastKnownFileType = sourcecode.c.h; path = "Hamburger 2-Bridging-Header.h"; sourceTree = "<group>"; };
		FCDBEE99213839E6004F33BE /* SWRevealViewController.h */ = {isa = PBXFileReference; fileEncoding = 4; lastKnownFileType = sourcecode.c.h; path = SWRevealViewController.h; sourceTree = "<group>"; };
		FCDBEE9A213839E6004F33BE /* SWRevealViewController.m */ = {isa = PBXFileReference; fileEncoding = 4; lastKnownFileType = sourcecode.c.objc; path = SWRevealViewController.m; sourceTree = "<group>"; };
		FCDBEE9D21383A0D004F33BE /* ActualData.swift */ = {isa = PBXFileReference; fileEncoding = 4; lastKnownFileType = sourcecode.swift; path = ActualData.swift; sourceTree = "<group>"; };
		FCDBEE9E21383A0D004F33BE /* DataBuilder.swift */ = {isa = PBXFileReference; fileEncoding = 4; lastKnownFileType = sourcecode.swift; path = DataBuilder.swift; sourceTree = "<group>"; };
		FCDBEEA221383A26004F33BE /* Person.swift */ = {isa = PBXFileReference; fileEncoding = 4; lastKnownFileType = sourcecode.swift; path = Person.swift; sourceTree = "<group>"; };
		FCDBEEA321383A26004F33BE /* Info.swift */ = {isa = PBXFileReference; fileEncoding = 4; lastKnownFileType = sourcecode.swift; path = Info.swift; sourceTree = "<group>"; };
		FCDBEEA421383A26004F33BE /* User.swift */ = {isa = PBXFileReference; fileEncoding = 4; lastKnownFileType = sourcecode.swift; path = User.swift; sourceTree = "<group>"; };
		FCDBEEA521383A26004F33BE /* Notification.swift */ = {isa = PBXFileReference; fileEncoding = 4; lastKnownFileType = sourcecode.swift; path = Notification.swift; sourceTree = "<group>"; };
		FCDBEEA621383A26004F33BE /* FriendRequest.swift */ = {isa = PBXFileReference; fileEncoding = 4; lastKnownFileType = sourcecode.swift; path = FriendRequest.swift; sourceTree = "<group>"; };
		FCDBEEA721383A26004F33BE /* Group.swift */ = {isa = PBXFileReference; fileEncoding = 4; lastKnownFileType = sourcecode.swift; path = Group.swift; sourceTree = "<group>"; };
		FCDBEEAE21383A42004F33BE /* ExternalInteractions.swift */ = {isa = PBXFileReference; fileEncoding = 4; lastKnownFileType = sourcecode.swift; path = ExternalInteractions.swift; sourceTree = "<group>"; };
		FCDBEEB021383A54004F33BE /* Info.plist */ = {isa = PBXFileReference; fileEncoding = 4; lastKnownFileType = text.plist.xml; path = Info.plist; sourceTree = "<group>"; };
		FCDBEEB121383A54004F33BE /* GoogleService-Info.plist */ = {isa = PBXFileReference; fileEncoding = 4; lastKnownFileType = text.plist.xml; path = "GoogleService-Info.plist"; sourceTree = "<group>"; };
		FCDBEEB421383A65004F33BE /* PreLogin.storyboard */ = {isa = PBXFileReference; fileEncoding = 4; lastKnownFileType = file.storyboard; path = PreLogin.storyboard; sourceTree = "<group>"; };
		FCDBEEB621383AB4004F33BE /* AppDelegate.swift */ = {isa = PBXFileReference; fileEncoding = 4; lastKnownFileType = sourcecode.swift; path = AppDelegate.swift; sourceTree = "<group>"; };
		FCDBEEB821383AC7004F33BE /* Constants.swift */ = {isa = PBXFileReference; fileEncoding = 4; lastKnownFileType = sourcecode.swift; path = Constants.swift; sourceTree = "<group>"; };
/* End PBXFileReference section */

/* Begin PBXFrameworksBuildPhase section */
		21BBA5601FAE6BB9007EB8AB /* Frameworks */ = {
			isa = PBXFrameworksBuildPhase;
			buildActionMask = 2147483647;
			files = (
				91023A4E04A2A684D47F4B1B /* Pods_Hamburger_2.framework in Frameworks */,
			);
			runOnlyForDeploymentPostprocessing = 0;
		};
/* End PBXFrameworksBuildPhase section */

/* Begin PBXGroup section */
		0E7886B37A06D655EE7DD4D6 /* Frameworks */ = {
			isa = PBXGroup;
			children = (
				57A9AB8673BD5D306892548A /* Pods_Hamburger_2.framework */,
			);
			name = Frameworks;
			sourceTree = "<group>";
		};
		21BBA55A1FAE6BB9007EB8AB = {
			isa = PBXGroup;
			children = (
				21BBA5651FAE6BB9007EB8AB /* Hamburger 2 */,
				9EA1CC611FBAEA860051073A /* Trash */,
				21BBA5641FAE6BB9007EB8AB /* Products */,
				3C11B49578AB983AEB7AE229 /* Pods */,
				0E7886B37A06D655EE7DD4D6 /* Frameworks */,
			);
			sourceTree = "<group>";
		};
		21BBA5641FAE6BB9007EB8AB /* Products */ = {
			isa = PBXGroup;
			children = (
				21BBA5631FAE6BB9007EB8AB /* Hamburger 2.app */,
			);
			name = Products;
			sourceTree = "<group>";
		};
		21BBA5651FAE6BB9007EB8AB /* Hamburger 2 */ = {
			isa = PBXGroup;
			children = (
				FCDBEEB821383AC7004F33BE /* Constants.swift */,
				FCDBEEB621383AB4004F33BE /* AppDelegate.swift */,
				FCDBEEB421383A65004F33BE /* PreLogin.storyboard */,
				FCDBEEB121383A54004F33BE /* GoogleService-Info.plist */,
				FCDBEEB021383A54004F33BE /* Info.plist */,
				FCDBEEAE21383A42004F33BE /* ExternalInteractions.swift */,
				FCDBEEA121383A26004F33BE /* Model */,
				FCDBEE9C21383A0D004F33BE /* Data */,
				FCDBEE97213839E6004F33BE /* SWRevealViewController */,
				FCDBEE86213839D1004F33BE /* Extensions */,
				FCDBEE81213839AA004F33BE /* NetworkLayer */,
				9E7ADDB01FB7AD5F00D81D1F /* View */,
				21BBA5781FAE6D67007EB8AB /* Controller */,
				21BBA56D1FAE6BB9007EB8AB /* Assets.xcassets */,
				21BBA56A1FAE6BB9007EB8AB /* Main.storyboard */,
				21BBA56F1FAE6BB9007EB8AB /* LaunchScreen.storyboard */,
			);
			path = "Hamburger 2";
			sourceTree = "<group>";
		};
		21BBA5781FAE6D67007EB8AB /* Controller */ = {
			isa = PBXGroup;
			children = (
				FCDBEE41213838A5004F33BE /* Settings */,
				FCDBEE382138388E004F33BE /* Old */,
				FCDBEE3321383881004F33BE /* Notifications */,
				FCDBEE2A2138386A004F33BE /* Menus */,
				FCDBEE1D2138385A004F33BE /* Group */,
				FCDBEE1621383838004F33BE /* Contacts */,
				FCDBEE0B21383822004F33BE /* MainTabs */,
				FCDBEDFE2138380A004F33BE /* Authentication */,
				9E3069CF1FB7AE9700EBB1AF /* ProfileTableViewController.swift */,
				21DAA1EE1FB26EEC002729F9 /* InviteViewController.swift */,
				21DAA1F01FB26EF5002729F9 /* PrivacyViewController.swift */,
			);
			path = Controller;
			sourceTree = "<group>";
		};
		3C11B49578AB983AEB7AE229 /* Pods */ = {
			isa = PBXGroup;
			children = (
				648E17799793B1B6B14E82A2 /* Pods-Hamburger 2.debug.xcconfig */,
				809961C6E99ABBE84077CBAB /* Pods-Hamburger 2.release.xcconfig */,
			);
			name = Pods;
			sourceTree = "<group>";
		};
		9E7ADDB01FB7AD5F00D81D1F /* View */ = {
			isa = PBXGroup;
			children = (
				FCDBEE7C21383978004F33BE /* SettingsTableHeaderView */,
				FCDBEE4A213838D6004F33BE /* Cells */,
				9E679E261FCA1C58001315A5 /* NavigationTitleLabel.swift */,
			);
			path = View;
			sourceTree = "<group>";
		};
		9EA1CC611FBAEA860051073A /* Trash */ = {
			isa = PBXGroup;
			children = (
				21BBA58A1FAE7B79007EB8AB /* ProfileViewController.swift */,
			);
			path = Trash;
			sourceTree = "<group>";
		};
		FCDBEDFE2138380A004F33BE /* Authentication */ = {
			isa = PBXGroup;
			children = (
				FCDBEDFF2138380A004F33BE /* CreateIDsTableViewController.swift */,
				FCDBEE002138380A004F33BE /* HelpPageViewController.swift */,
				FCDBEE012138380A004F33BE /* StartingViewController.swift */,
				FCDBEE022138380A004F33BE /* AssignIDsTableViewController.swift */,
				FCDBEE032138380A004F33BE /* LoginViewController.swift */,
				FCDBEE042138380A004F33BE /* CreateProfileViewController.swift */,
			);
			path = Authentication;
			sourceTree = "<group>";
		};
		FCDBEE0B21383822004F33BE /* MainTabs */ = {
			isa = PBXGroup;
			children = (
				FCDBEE0C21383822004F33BE /* SearchViewController.swift */,
				FCDBEE0D21383822004F33BE /* ContactsViewController.swift */,
				FCDBEE0E21383822004F33BE /* MyProfileTableViewController.swift */,
				FCDBEE0F21383822004F33BE /* NotificationsViewController.swift */,
				FCDBEE1021383822004F33BE /* TabBarController.swift */,
			);
			path = MainTabs;
			sourceTree = "<group>";
		};
		FCDBEE1621383838004F33BE /* Contacts */ = {
			isa = PBXGroup;
			children = (
				FCDBEE1721383838004F33BE /* ContactsPageViewController.swift */,
				FCDBEE1821383838004F33BE /* GroupsViewController.swift */,
				FCDBEE1921383838004F33BE /* PeopleViewController.swift */,
			);
			path = Contacts;
			sourceTree = "<group>";
		};
		FCDBEE1D2138385A004F33BE /* Group */ = {
			isa = PBXGroup;
			children = (
				FCDBEE1E2138385A004F33BE /* GroupContactTableViewController.swift */,
				FCDBEE1F2138385A004F33BE /* GroupMembersTableViewController.swift */,
				FCDBEE202138385A004F33BE /* GroupViewController.swift */,
				FCDBEE212138385A004F33BE /* GroupListsViewController.swift */,
				FCDBEE222138385A004F33BE /* GroupMembersViewController.swift */,
				FCDBEE232138385A004F33BE /* GroupPageViewController.swift */,
			);
			path = Group;
			sourceTree = "<group>";
		};
		FCDBEE2A2138386A004F33BE /* Menus */ = {
			isa = PBXGroup;
			children = (
				FCDBEE2B2138386A004F33BE /* ProfileMenuViewController.swift */,
				FCDBEE2C2138386A004F33BE /* SetConnectionMenuViewController.swift */,
				FCDBEE2D2138386A004F33BE /* MyProfileMenuViewController.swift */,
				FCDBEE2E2138386A004F33BE /* MenuViewController.swift */,
			);
			path = Menus;
			sourceTree = "<group>";
		};
		FCDBEE3321383881004F33BE /* Notifications */ = {
			isa = PBXGroup;
			children = (
				FCDBEE3421383881004F33BE /* AllFriendRequestsViewController.swift */,
				FCDBEE3521383881004F33BE /* AllFriendRequestsTableViewController.swift */,
			);
			path = Notifications;
			sourceTree = "<group>";
		};
		FCDBEE382138388E004F33BE /* Old */ = {
			isa = PBXGroup;
			children = (
				FCDBEE392138388E004F33BE /* TempViewController.swift */,
				FCDBEE3A2138388E004F33BE /* MyProfileViewController.swift */,
				FCDBEE3B2138388E004F33BE /* MenuViewController2.swift */,
				FCDBEE3C2138388E004F33BE /* SettingsViewController.swift */,
			);
			path = Old;
			sourceTree = "<group>";
		};
		FCDBEE41213838A5004F33BE /* Settings */ = {
			isa = PBXGroup;
			children = (
				FCDBEE42213838A5004F33BE /* SettingsTableViewController.swift */,
				FCDBEE43213838A5004F33BE /* EditProfileTableViewController.swift */,
				FCDBEE44213838A5004F33BE /* EditProfileViewController.swift */,
				FCDBEE45213838A5004F33BE /* EditIDsTableViewController.swift */,
			);
			path = Settings;
			sourceTree = "<group>";
		};
		FCDBEE4A213838D6004F33BE /* Cells */ = {
			isa = PBXGroup;
			children = (
				FCDBEE4B213838D6004F33BE /* Settings */,
				FCDBEE50213838D6004F33BE /* SearchPage */,
				FCDBEE52213838D6004F33BE /* MenuTableViewCell.swift */,
				FCDBEE53213838D6004F33BE /* ContactsPage */,
				FCDBEE57213838D6004F33BE /* UserAndGroupPages */,
				FCDBEE5F213838D6004F33BE /* NotificationsPage */,
				FCDBEE64213838D6004F33BE /* ConnectionMenu */,
			);
			path = Cells;
			sourceTree = "<group>";
		};
		FCDBEE4B213838D6004F33BE /* Settings */ = {
			isa = PBXGroup;
			children = (
				FCDBEE4C213838D6004F33BE /* CreateIDsTableViewCell.swift */,
				FCDBEE4D213838D6004F33BE /* SettingsHeaderTableViewCell.swift */,
				FCDBEE4E213838D6004F33BE /* SettingsTableViewCell.swift */,
				FCDBEE4F213838D6004F33BE /* AssignIDTableViewCell.swift */,
			);
			path = Settings;
			sourceTree = "<group>";
		};
		FCDBEE50213838D6004F33BE /* SearchPage */ = {
			isa = PBXGroup;
			children = (
				FCDBEE51213838D6004F33BE /* SearchTableViewCell.swift */,
			);
			path = SearchPage;
			sourceTree = "<group>";
		};
		FCDBEE53213838D6004F33BE /* ContactsPage */ = {
			isa = PBXGroup;
			children = (
				FCDBEE54213838D6004F33BE /* ContactTableSearchCell.swift */,
				FCDBEE55213838D6004F33BE /* ContactTableCell.swift */,
				FCDBEE56213838D6004F33BE /* AlphabetHeaderTableViewCell.swift */,
			);
			path = ContactsPage;
			sourceTree = "<group>";
		};
		FCDBEE57213838D6004F33BE /* UserAndGroupPages */ = {
			isa = PBXGroup;
			children = (
				FCDBEE58213838D6004F33BE /* GroupContactTableCell.swift */,
				FCDBEE59213838D6004F33BE /* ProfileHeaderTableViewCell.swift */,
				FCDBEE5A213838D6004F33BE /* InfoTableViewCell.swift */,
				FCDBEE5B213838D6004F33BE /* ProfileSectionHeaderView */,
				FCDBEE5E213838D6004F33BE /* GroupTableCell.swift */,
			);
			path = UserAndGroupPages;
			sourceTree = "<group>";
		};
		FCDBEE5B213838D6004F33BE /* ProfileSectionHeaderView */ = {
			isa = PBXGroup;
			children = (
				FCDBEE5C213838D6004F33BE /* ProfileSectionHeaderView.swift */,
				FCDBEE5D213838D6004F33BE /* ProfileSectionHeaderView.xib */,
			);
			path = ProfileSectionHeaderView;
			sourceTree = "<group>";
		};
		FCDBEE5F213838D6004F33BE /* NotificationsPage */ = {
			isa = PBXGroup;
			children = (
				FCDBEE60213838D6004F33BE /* NotificationTableCell.swift */,
				FCDBEE61213838D6004F33BE /* SeeMoreRequestsTableViewCell.swift */,
				FCDBEE62213838D6004F33BE /* FriendRequestTableViewCell.swift */,
				FCDBEE63213838D6004F33BE /* NotificationTableViewCell.swift */,
			);
			path = NotificationsPage;
			sourceTree = "<group>";
		};
		FCDBEE64213838D6004F33BE /* ConnectionMenu */ = {
			isa = PBXGroup;
			children = (
				FCDBEE65213838D6004F33BE /* ConnectionMenuTableViewCell.swift */,
				FCDBEE66213838D6004F33BE /* ConnectionMenuHeaderTableViewCell.swift */,
			);
			path = ConnectionMenu;
			sourceTree = "<group>";
		};
		FCDBEE7C21383978004F33BE /* SettingsTableHeaderView */ = {
			isa = PBXGroup;
			children = (
				FCDBEE7D21383978004F33BE /* SettingsTableHeaderView.xib */,
				FCDBEE7E21383978004F33BE /* SettingsTableHeaderView.swift */,
			);
			path = SettingsTableHeaderView;
			sourceTree = "<group>";
		};
		FCDBEE81213839AA004F33BE /* NetworkLayer */ = {
			isa = PBXGroup;
			children = (
				FCDBEE82213839AA004F33BE /* APIService.swift */,
				FCDBEE83213839AA004F33BE /* Helpers.swift */,
			);
			path = NetworkLayer;
			sourceTree = "<group>";
		};
		FCDBEE86213839D1004F33BE /* Extensions */ = {
			isa = PBXGroup;
			children = (
				FCDBEE87213839D1004F33BE /* UIView.swift */,
				FCDBEE88213839D1004F33BE /* Collection.swift */,
				FCDBEE89213839D1004F33BE /* UIColor.swift */,
				FCDBEE8A213839D1004F33BE /* UITextField.swift */,
				FCDBEE8B213839D1004F33BE /* UITableViewCell.swift */,
				FCDBEE8C213839D1004F33BE /* String.swift */,
				FCDBEE8D213839D1004F33BE /* UIImage.swift */,
				FCDBEE8E213839D1004F33BE /* UIViewController.swift */,
			);
			path = Extensions;
			sourceTree = "<group>";
		};
		FCDBEE97213839E6004F33BE /* SWRevealViewController */ = {
			isa = PBXGroup;
			children = (
				FCDBEE98213839E6004F33BE /* Hamburger 2-Bridging-Header.h */,
				FCDBEE99213839E6004F33BE /* SWRevealViewController.h */,
				FCDBEE9A213839E6004F33BE /* SWRevealViewController.m */,
			);
			path = SWRevealViewController;
			sourceTree = "<group>";
		};
		FCDBEE9C21383A0D004F33BE /* Data */ = {
			isa = PBXGroup;
			children = (
				FCDBEE9D21383A0D004F33BE /* ActualData.swift */,
				FCDBEE9E21383A0D004F33BE /* DataBuilder.swift */,
			);
			path = Data;
			sourceTree = "<group>";
		};
		FCDBEEA121383A26004F33BE /* Model */ = {
			isa = PBXGroup;
			children = (
				FCDBEEA221383A26004F33BE /* Person.swift */,
				FCDBEEA321383A26004F33BE /* Info.swift */,
				FCDBEEA421383A26004F33BE /* User.swift */,
				FCDBEEA521383A26004F33BE /* Notification.swift */,
				FCDBEEA621383A26004F33BE /* FriendRequest.swift */,
				FCDBEEA721383A26004F33BE /* Group.swift */,
			);
			path = Model;
			sourceTree = "<group>";
		};
/* End PBXGroup section */

/* Begin PBXNativeTarget section */
		21BBA5621FAE6BB9007EB8AB /* Hamburger 2 */ = {
			isa = PBXNativeTarget;
			buildConfigurationList = 21BBA5751FAE6BB9007EB8AB /* Build configuration list for PBXNativeTarget "Hamburger 2" */;
			buildPhases = (
				E26921ADF9FA7EB5752B9A0F /* [CP] Check Pods Manifest.lock */,
				21BBA55F1FAE6BB9007EB8AB /* Sources */,
				21BBA5601FAE6BB9007EB8AB /* Frameworks */,
				21BBA5611FAE6BB9007EB8AB /* Resources */,
				A0E793C6AEC0C4D74BB1F8DC /* [CP] Embed Pods Frameworks */,
				907B96583CE597AAA23C7FE1 /* [CP] Copy Pods Resources */,
			);
			buildRules = (
			);
			dependencies = (
			);
			name = "Hamburger 2";
			productName = "Hamburger 2";
			productReference = 21BBA5631FAE6BB9007EB8AB /* Hamburger 2.app */;
			productType = "com.apple.product-type.application";
		};
/* End PBXNativeTarget section */

/* Begin PBXProject section */
		21BBA55B1FAE6BB9007EB8AB /* Project object */ = {
			isa = PBXProject;
			attributes = {
				LastSwiftUpdateCheck = 0910;
				LastUpgradeCheck = 0910;
				ORGANIZATIONNAME = Fleet;
				TargetAttributes = {
					21BBA5621FAE6BB9007EB8AB = {
						CreatedOnToolsVersion = 9.1;
						LastSwiftMigration = 0910;
						ProvisioningStyle = Automatic;
					};
				};
			};
			buildConfigurationList = 21BBA55E1FAE6BB9007EB8AB /* Build configuration list for PBXProject "Hamburger 2" */;
			compatibilityVersion = "Xcode 8.0";
			developmentRegion = en;
			hasScannedForEncodings = 0;
			knownRegions = (
				en,
				Base,
			);
			mainGroup = 21BBA55A1FAE6BB9007EB8AB;
			productRefGroup = 21BBA5641FAE6BB9007EB8AB /* Products */;
			projectDirPath = "";
			projectRoot = "";
			targets = (
				21BBA5621FAE6BB9007EB8AB /* Hamburger 2 */,
			);
		};
/* End PBXProject section */

/* Begin PBXResourcesBuildPhase section */
		21BBA5611FAE6BB9007EB8AB /* Resources */ = {
			isa = PBXResourcesBuildPhase;
			buildActionMask = 2147483647;
			files = (
				FCDBEEB221383A54004F33BE /* Info.plist in Resources */,
				21BBA5711FAE6BB9007EB8AB /* LaunchScreen.storyboard in Resources */,
				FCDBEEB321383A54004F33BE /* GoogleService-Info.plist in Resources */,
				FCDBEEB521383A66004F33BE /* PreLogin.storyboard in Resources */,
				FCDBEE7F21383978004F33BE /* SettingsTableHeaderView.xib in Resources */,
				21BBA56E1FAE6BB9007EB8AB /* Assets.xcassets in Resources */,
				21BBA56C1FAE6BB9007EB8AB /* Main.storyboard in Resources */,
				FCDBEE74213838D6004F33BE /* ProfileSectionHeaderView.xib in Resources */,
			);
			runOnlyForDeploymentPostprocessing = 0;
		};
/* End PBXResourcesBuildPhase section */

/* Begin PBXShellScriptBuildPhase section */
		907B96583CE597AAA23C7FE1 /* [CP] Copy Pods Resources */ = {
			isa = PBXShellScriptBuildPhase;
			buildActionMask = 2147483647;
			files = (
			);
			inputPaths = (
			);
			name = "[CP] Copy Pods Resources";
			outputPaths = (
			);
			runOnlyForDeploymentPostprocessing = 0;
			shellPath = /bin/sh;
			shellScript = "\"${SRCROOT}/Pods/Target Support Files/Pods-Hamburger 2/Pods-Hamburger 2-resources.sh\"\n";
			showEnvVarsInLog = 0;
		};
		A0E793C6AEC0C4D74BB1F8DC /* [CP] Embed Pods Frameworks */ = {
			isa = PBXShellScriptBuildPhase;
			buildActionMask = 2147483647;
			files = (
			);
			inputPaths = (
				"${SRCROOT}/Pods/Target Support Files/Pods-Hamburger 2/Pods-Hamburger 2-frameworks.sh",
				"${BUILT_PRODUCTS_DIR}/BTNavigationDropdownMenu/BTNavigationDropdownMenu.framework",
				"${BUILT_PRODUCTS_DIR}/Bolts/Bolts.framework",
				"${BUILT_PRODUCTS_DIR}/FBSDKCoreKit/FBSDKCoreKit.framework",
				"${BUILT_PRODUCTS_DIR}/FBSDKLoginKit/FBSDKLoginKit.framework",
				"${BUILT_PRODUCTS_DIR}/FBSDKShareKit/FBSDKShareKit.framework",
				"${BUILT_PRODUCTS_DIR}/FacebookCore/FacebookCore.framework",
				"${BUILT_PRODUCTS_DIR}/FacebookLogin/FacebookLogin.framework",
				"${BUILT_PRODUCTS_DIR}/FacebookShare/FacebookShare.framework",
				"${BUILT_PRODUCTS_DIR}/GTMSessionFetcher/GTMSessionFetcher.framework",
				"${BUILT_PRODUCTS_DIR}/GoogleToolboxForMac/GoogleToolboxForMac.framework",
				"${BUILT_PRODUCTS_DIR}/HMSegmentedControl/HMSegmentedControl.framework",
				"${BUILT_PRODUCTS_DIR}/leveldb-library/leveldb.framework",
				"${BUILT_PRODUCTS_DIR}/nanopb/nanopb.framework",
			);
			name = "[CP] Embed Pods Frameworks";
			outputPaths = (
				"${TARGET_BUILD_DIR}/${FRAMEWORKS_FOLDER_PATH}/BTNavigationDropdownMenu.framework",
				"${TARGET_BUILD_DIR}/${FRAMEWORKS_FOLDER_PATH}/Bolts.framework",
				"${TARGET_BUILD_DIR}/${FRAMEWORKS_FOLDER_PATH}/FBSDKCoreKit.framework",
				"${TARGET_BUILD_DIR}/${FRAMEWORKS_FOLDER_PATH}/FBSDKLoginKit.framework",
				"${TARGET_BUILD_DIR}/${FRAMEWORKS_FOLDER_PATH}/FBSDKShareKit.framework",
				"${TARGET_BUILD_DIR}/${FRAMEWORKS_FOLDER_PATH}/FacebookCore.framework",
				"${TARGET_BUILD_DIR}/${FRAMEWORKS_FOLDER_PATH}/FacebookLogin.framework",
				"${TARGET_BUILD_DIR}/${FRAMEWORKS_FOLDER_PATH}/FacebookShare.framework",
				"${TARGET_BUILD_DIR}/${FRAMEWORKS_FOLDER_PATH}/GTMSessionFetcher.framework",
				"${TARGET_BUILD_DIR}/${FRAMEWORKS_FOLDER_PATH}/GoogleToolboxForMac.framework",
				"${TARGET_BUILD_DIR}/${FRAMEWORKS_FOLDER_PATH}/HMSegmentedControl.framework",
				"${TARGET_BUILD_DIR}/${FRAMEWORKS_FOLDER_PATH}/leveldb.framework",
				"${TARGET_BUILD_DIR}/${FRAMEWORKS_FOLDER_PATH}/nanopb.framework",
			);
			runOnlyForDeploymentPostprocessing = 0;
			shellPath = /bin/sh;
			shellScript = "\"${SRCROOT}/Pods/Target Support Files/Pods-Hamburger 2/Pods-Hamburger 2-frameworks.sh\"\n";
			showEnvVarsInLog = 0;
		};
		E26921ADF9FA7EB5752B9A0F /* [CP] Check Pods Manifest.lock */ = {
			isa = PBXShellScriptBuildPhase;
			buildActionMask = 2147483647;
			files = (
			);
			inputPaths = (
				"${PODS_PODFILE_DIR_PATH}/Podfile.lock",
				"${PODS_ROOT}/Manifest.lock",
			);
			name = "[CP] Check Pods Manifest.lock";
			outputPaths = (
				"$(DERIVED_FILE_DIR)/Pods-Hamburger 2-checkManifestLockResult.txt",
			);
			runOnlyForDeploymentPostprocessing = 0;
			shellPath = /bin/sh;
			shellScript = "diff \"${PODS_ROOT}/../Podfile.lock\" \"${PODS_ROOT}/Manifest.lock\" > /dev/null\nif [ $? != 0 ] ; then\n    # print error to STDERR\n    echo \"error: The sandbox is not in sync with the Podfile.lock. Run 'pod install' or update your CocoaPods installation.\" >&2\n    exit 1\nfi\n";
			showEnvVarsInLog = 0;
		};
/* End PBXShellScriptBuildPhase section */

/* Begin PBXSourcesBuildPhase section */
		21BBA55F1FAE6BB9007EB8AB /* Sources */ = {
			isa = PBXSourcesBuildPhase;
			buildActionMask = 2147483647;
			files = (
				FCDBEE8F213839D2004F33BE /* UIView.swift in Sources */,
				FCDBEE262138385A004F33BE /* GroupViewController.swift in Sources */,
				FCDBEE49213838A6004F33BE /* EditIDsTableViewController.swift in Sources */,
				FCDBEE1B21383838004F33BE /* GroupsViewController.swift in Sources */,
				FCDBEEB721383AB4004F33BE /* AppDelegate.swift in Sources */,
				FCDBEE092138380A004F33BE /* LoginViewController.swift in Sources */,
				9E3069D01FB7AE9700EBB1AF /* ProfileTableViewController.swift in Sources */,
				FCDBEE84213839AB004F33BE /* APIService.swift in Sources */,
				FCDBEE47213838A6004F33BE /* EditProfileTableViewController.swift in Sources */,
				21BBA58B1FAE7B79007EB8AB /* ProfileViewController.swift in Sources */,
				FCDBEE73213838D6004F33BE /* ProfileSectionHeaderView.swift in Sources */,
				FCDBEE72213838D6004F33BE /* InfoTableViewCell.swift in Sources */,
				FCDBEE1421383822004F33BE /* NotificationsViewController.swift in Sources */,
				FCDBEEA921383A27004F33BE /* Info.swift in Sources */,
				FCDBEE6C213838D6004F33BE /* MenuTableViewCell.swift in Sources */,
				FCDBEE92213839D2004F33BE /* UITextField.swift in Sources */,
				FCDBEE292138385A004F33BE /* GroupPageViewController.swift in Sources */,
				FCDBEE2F2138386A004F33BE /* ProfileMenuViewController.swift in Sources */,
				FCDBEE322138386A004F33BE /* MenuViewController.swift in Sources */,
				FCDBEE9F21383A0D004F33BE /* ActualData.swift in Sources */,
				FCDBEE8021383978004F33BE /* SettingsTableHeaderView.swift in Sources */,
				FCDBEE1A21383838004F33BE /* ContactsPageViewController.swift in Sources */,
				FCDBEE402138388F004F33BE /* SettingsViewController.swift in Sources */,
				FCDBEE072138380A004F33BE /* StartingViewController.swift in Sources */,
				FCDBEE1321383822004F33BE /* MyProfileTableViewController.swift in Sources */,
				FCDBEE96213839D2004F33BE /* UIViewController.swift in Sources */,
				FCDBEE79213838D6004F33BE /* NotificationTableViewCell.swift in Sources */,
				FCDBEE91213839D2004F33BE /* UIColor.swift in Sources */,
				FCDBEE272138385A004F33BE /* GroupListsViewController.swift in Sources */,
				FCDBEE6B213838D6004F33BE /* SearchTableViewCell.swift in Sources */,
				FCDBEE95213839D2004F33BE /* UIImage.swift in Sources */,
				FCDBEEAA21383A27004F33BE /* User.swift in Sources */,
				FCDBEE93213839D2004F33BE /* UITableViewCell.swift in Sources */,
				21DAA1EF1FB26EEC002729F9 /* InviteViewController.swift in Sources */,
				FCDBEEB921383AC7004F33BE /* Constants.swift in Sources */,
				FCDBEE71213838D6004F33BE /* ProfileHeaderTableViewCell.swift in Sources */,
				FCDBEE312138386A004F33BE /* MyProfileMenuViewController.swift in Sources */,
				FCDBEE68213838D6004F33BE /* SettingsHeaderTableViewCell.swift in Sources */,
				21DAA1F11FB26EF5002729F9 /* PrivacyViewController.swift in Sources */,
				FCDBEE3D2138388F004F33BE /* TempViewController.swift in Sources */,
				FCDBEE1221383822004F33BE /* ContactsViewController.swift in Sources */,
				FCDBEE46213838A6004F33BE /* SettingsTableViewController.swift in Sources */,
				FCDBEEA021383A0D004F33BE /* DataBuilder.swift in Sources */,
				FCDBEE69213838D6004F33BE /* SettingsTableViewCell.swift in Sources */,
				FCDBEEAD21383A27004F33BE /* Group.swift in Sources */,
				FCDBEE6D213838D6004F33BE /* ContactTableSearchCell.swift in Sources */,
				FCDBEE1C21383838004F33BE /* PeopleViewController.swift in Sources */,
				FCDBEE7B213838D6004F33BE /* ConnectionMenuHeaderTableViewCell.swift in Sources */,
				FCDBEE3621383882004F33BE /* AllFriendRequestsViewController.swift in Sources */,
				FCDBEEAC21383A27004F33BE /* FriendRequest.swift in Sources */,
				FCDBEE85213839AB004F33BE /* Helpers.swift in Sources */,
				FCDBEE302138386A004F33BE /* SetConnectionMenuViewController.swift in Sources */,
				FCDBEE3E2138388F004F33BE /* MyProfileViewController.swift in Sources */,
				FCDBEE6A213838D6004F33BE /* AssignIDTableViewCell.swift in Sources */,
				FCDBEE0A2138380A004F33BE /* CreateProfileViewController.swift in Sources */,
				FCDBEE78213838D6004F33BE /* FriendRequestTableViewCell.swift in Sources */,
				FCDBEE1121383822004F33BE /* SearchViewController.swift in Sources */,
				FCDBEEAF21383A42004F33BE /* ExternalInteractions.swift in Sources */,
				FCDBEE77213838D6004F33BE /* SeeMoreRequestsTableViewCell.swift in Sources */,
				FCDBEE082138380A004F33BE /* AssignIDsTableViewController.swift in Sources */,
				FCDBEE67213838D6004F33BE /* CreateIDsTableViewCell.swift in Sources */,
				FCDBEE9B213839E7004F33BE /* SWRevealViewController.m in Sources */,
				FCDBEE252138385A004F33BE /* GroupMembersTableViewController.swift in Sources */,
				FCDBEE75213838D6004F33BE /* GroupTableCell.swift in Sources */,
				9E679E271FCA1C58001315A5 /* NavigationTitleLabel.swift in Sources */,
				FCDBEE70213838D6004F33BE /* GroupContactTableCell.swift in Sources */,
				FCDBEE062138380A004F33BE /* HelpPageViewController.swift in Sources */,
				FCDBEE48213838A6004F33BE /* EditProfileViewController.swift in Sources */,
				FCDBEE6F213838D6004F33BE /* AlphabetHeaderTableViewCell.swift in Sources */,
				FCDBEEA821383A27004F33BE /* Person.swift in Sources */,
				FCDBEE3F2138388F004F33BE /* MenuViewController2.swift in Sources */,
				FCDBEE3721383882004F33BE /* AllFriendRequestsTableViewController.swift in Sources */,
				FCDBEE7A213838D6004F33BE /* ConnectionMenuTableViewCell.swift in Sources */,
				FCDBEE90213839D2004F33BE /* Collection.swift in Sources */,
				FCDBEE282138385A004F33BE /* GroupMembersViewController.swift in Sources */,
				FCDBEE76213838D6004F33BE /* NotificationTableCell.swift in Sources */,
				FCDBEE1521383822004F33BE /* TabBarController.swift in Sources */,
				FCDBEE052138380A004F33BE /* CreateIDsTableViewController.swift in Sources */,
				FCDBEEAB21383A27004F33BE /* Notification.swift in Sources */,
				FCDBEE94213839D2004F33BE /* String.swift in Sources */,
				FCDBEE242138385A004F33BE /* GroupContactTableViewController.swift in Sources */,
				FCDBEE6E213838D6004F33BE /* ContactTableCell.swift in Sources */,
			);
			runOnlyForDeploymentPostprocessing = 0;
		};
/* End PBXSourcesBuildPhase section */

/* Begin PBXVariantGroup section */
		21BBA56A1FAE6BB9007EB8AB /* Main.storyboard */ = {
			isa = PBXVariantGroup;
			children = (
				21BBA56B1FAE6BB9007EB8AB /* Base */,
			);
			name = Main.storyboard;
			sourceTree = "<group>";
		};
		21BBA56F1FAE6BB9007EB8AB /* LaunchScreen.storyboard */ = {
			isa = PBXVariantGroup;
			children = (
				21BBA5701FAE6BB9007EB8AB /* Base */,
			);
			name = LaunchScreen.storyboard;
			sourceTree = "<group>";
		};
/* End PBXVariantGroup section */

/* Begin XCBuildConfiguration section */
		21BBA5731FAE6BB9007EB8AB /* Debug */ = {
			isa = XCBuildConfiguration;
			buildSettings = {
				ALWAYS_SEARCH_USER_PATHS = NO;
				CLANG_ANALYZER_NONNULL = YES;
				CLANG_ANALYZER_NUMBER_OBJECT_CONVERSION = YES_AGGRESSIVE;
				CLANG_CXX_LANGUAGE_STANDARD = "gnu++14";
				CLANG_CXX_LIBRARY = "libc++";
				CLANG_ENABLE_MODULES = YES;
				CLANG_ENABLE_OBJC_ARC = YES;
				CLANG_WARN_BLOCK_CAPTURE_AUTORELEASING = YES;
				CLANG_WARN_BOOL_CONVERSION = YES;
				CLANG_WARN_COMMA = YES;
				CLANG_WARN_CONSTANT_CONVERSION = YES;
				CLANG_WARN_DIRECT_OBJC_ISA_USAGE = YES_ERROR;
				CLANG_WARN_DOCUMENTATION_COMMENTS = YES;
				CLANG_WARN_EMPTY_BODY = YES;
				CLANG_WARN_ENUM_CONVERSION = YES;
				CLANG_WARN_INFINITE_RECURSION = YES;
				CLANG_WARN_INT_CONVERSION = YES;
				CLANG_WARN_NON_LITERAL_NULL_CONVERSION = YES;
				CLANG_WARN_OBJC_LITERAL_CONVERSION = YES;
				CLANG_WARN_OBJC_ROOT_CLASS = YES_ERROR;
				CLANG_WARN_RANGE_LOOP_ANALYSIS = YES;
				CLANG_WARN_STRICT_PROTOTYPES = YES;
				CLANG_WARN_SUSPICIOUS_MOVE = YES;
				CLANG_WARN_UNGUARDED_AVAILABILITY = YES_AGGRESSIVE;
				CLANG_WARN_UNREACHABLE_CODE = YES;
				CLANG_WARN__DUPLICATE_METHOD_MATCH = YES;
				CODE_SIGN_IDENTITY = "iPhone Developer";
				COPY_PHASE_STRIP = NO;
				DEBUG_INFORMATION_FORMAT = dwarf;
				ENABLE_STRICT_OBJC_MSGSEND = YES;
				ENABLE_TESTABILITY = YES;
				GCC_C_LANGUAGE_STANDARD = gnu11;
				GCC_DYNAMIC_NO_PIC = NO;
				GCC_NO_COMMON_BLOCKS = YES;
				GCC_OPTIMIZATION_LEVEL = 0;
				GCC_PREPROCESSOR_DEFINITIONS = (
					"DEBUG=1",
					"$(inherited)",
				);
				GCC_WARN_64_TO_32_BIT_CONVERSION = YES;
				GCC_WARN_ABOUT_RETURN_TYPE = YES_ERROR;
				GCC_WARN_UNDECLARED_SELECTOR = YES;
				GCC_WARN_UNINITIALIZED_AUTOS = YES_AGGRESSIVE;
				GCC_WARN_UNUSED_FUNCTION = YES;
				GCC_WARN_UNUSED_VARIABLE = YES;
				IPHONEOS_DEPLOYMENT_TARGET = 11.1;
				MTL_ENABLE_DEBUG_INFO = YES;
				ONLY_ACTIVE_ARCH = YES;
				SDKROOT = iphoneos;
				SWIFT_ACTIVE_COMPILATION_CONDITIONS = DEBUG;
				SWIFT_OPTIMIZATION_LEVEL = "-Onone";
			};
			name = Debug;
		};
		21BBA5741FAE6BB9007EB8AB /* Release */ = {
			isa = XCBuildConfiguration;
			buildSettings = {
				ALWAYS_SEARCH_USER_PATHS = NO;
				CLANG_ANALYZER_NONNULL = YES;
				CLANG_ANALYZER_NUMBER_OBJECT_CONVERSION = YES_AGGRESSIVE;
				CLANG_CXX_LANGUAGE_STANDARD = "gnu++14";
				CLANG_CXX_LIBRARY = "libc++";
				CLANG_ENABLE_MODULES = YES;
				CLANG_ENABLE_OBJC_ARC = YES;
				CLANG_WARN_BLOCK_CAPTURE_AUTORELEASING = YES;
				CLANG_WARN_BOOL_CONVERSION = YES;
				CLANG_WARN_COMMA = YES;
				CLANG_WARN_CONSTANT_CONVERSION = YES;
				CLANG_WARN_DIRECT_OBJC_ISA_USAGE = YES_ERROR;
				CLANG_WARN_DOCUMENTATION_COMMENTS = YES;
				CLANG_WARN_EMPTY_BODY = YES;
				CLANG_WARN_ENUM_CONVERSION = YES;
				CLANG_WARN_INFINITE_RECURSION = YES;
				CLANG_WARN_INT_CONVERSION = YES;
				CLANG_WARN_NON_LITERAL_NULL_CONVERSION = YES;
				CLANG_WARN_OBJC_LITERAL_CONVERSION = YES;
				CLANG_WARN_OBJC_ROOT_CLASS = YES_ERROR;
				CLANG_WARN_RANGE_LOOP_ANALYSIS = YES;
				CLANG_WARN_STRICT_PROTOTYPES = YES;
				CLANG_WARN_SUSPICIOUS_MOVE = YES;
				CLANG_WARN_UNGUARDED_AVAILABILITY = YES_AGGRESSIVE;
				CLANG_WARN_UNREACHABLE_CODE = YES;
				CLANG_WARN__DUPLICATE_METHOD_MATCH = YES;
				CODE_SIGN_IDENTITY = "iPhone Developer";
				COPY_PHASE_STRIP = NO;
				DEBUG_INFORMATION_FORMAT = "dwarf-with-dsym";
				ENABLE_NS_ASSERTIONS = NO;
				ENABLE_STRICT_OBJC_MSGSEND = YES;
				GCC_C_LANGUAGE_STANDARD = gnu11;
				GCC_NO_COMMON_BLOCKS = YES;
				GCC_WARN_64_TO_32_BIT_CONVERSION = YES;
				GCC_WARN_ABOUT_RETURN_TYPE = YES_ERROR;
				GCC_WARN_UNDECLARED_SELECTOR = YES;
				GCC_WARN_UNINITIALIZED_AUTOS = YES_AGGRESSIVE;
				GCC_WARN_UNUSED_FUNCTION = YES;
				GCC_WARN_UNUSED_VARIABLE = YES;
				IPHONEOS_DEPLOYMENT_TARGET = 11.1;
				MTL_ENABLE_DEBUG_INFO = NO;
				SDKROOT = iphoneos;
				SWIFT_OPTIMIZATION_LEVEL = "-Owholemodule";
				VALIDATE_PRODUCT = YES;
			};
			name = Release;
		};
		21BBA5761FAE6BB9007EB8AB /* Debug */ = {
			isa = XCBuildConfiguration;
			baseConfigurationReference = 648E17799793B1B6B14E82A2 /* Pods-Hamburger 2.debug.xcconfig */;
			buildSettings = {
				ASSETCATALOG_COMPILER_APPICON_NAME = AppIcon;
				CLANG_ENABLE_MODULES = YES;
				CODE_SIGN_STYLE = Automatic;
				DEVELOPMENT_TEAM = 5LFGMS685S;
				INFOPLIST_FILE = "Hamburger 2/Info.plist";
				LD_RUNPATH_SEARCH_PATHS = "$(inherited) @executable_path/Frameworks";
				PRODUCT_BUNDLE_IDENTIFIER = fun.fleet.fleet;
				PRODUCT_NAME = "$(TARGET_NAME)";
				SWIFT_OBJC_BRIDGING_HEADER = "Hamburger 2/SWRevealViewController/Hamburger 2-Bridging-Header.h";
				SWIFT_OPTIMIZATION_LEVEL = "-Onone";
				SWIFT_VERSION = 4.0;
				TARGETED_DEVICE_FAMILY = "1,2";
			};
			name = Debug;
		};
		21BBA5771FAE6BB9007EB8AB /* Release */ = {
			isa = XCBuildConfiguration;
			baseConfigurationReference = 809961C6E99ABBE84077CBAB /* Pods-Hamburger 2.release.xcconfig */;
			buildSettings = {
				ASSETCATALOG_COMPILER_APPICON_NAME = AppIcon;
				CLANG_ENABLE_MODULES = YES;
				CODE_SIGN_STYLE = Automatic;
				DEVELOPMENT_TEAM = 5LFGMS685S;
				INFOPLIST_FILE = "Hamburger 2/Info.plist";
				LD_RUNPATH_SEARCH_PATHS = "$(inherited) @executable_path/Frameworks";
				PRODUCT_BUNDLE_IDENTIFIER = fun.fleet.fleet;
				PRODUCT_NAME = "$(TARGET_NAME)";
				SWIFT_OBJC_BRIDGING_HEADER = "Hamburger 2/SWRevealViewController/Hamburger 2-Bridging-Header.h";
				SWIFT_VERSION = 4.0;
				TARGETED_DEVICE_FAMILY = "1,2";
			};
			name = Release;
		};
/* End XCBuildConfiguration section */

/* Begin XCConfigurationList section */
		21BBA55E1FAE6BB9007EB8AB /* Build configuration list for PBXProject "Hamburger 2" */ = {
			isa = XCConfigurationList;
			buildConfigurations = (
				21BBA5731FAE6BB9007EB8AB /* Debug */,
				21BBA5741FAE6BB9007EB8AB /* Release */,
			);
			defaultConfigurationIsVisible = 0;
			defaultConfigurationName = Release;
		};
		21BBA5751FAE6BB9007EB8AB /* Build configuration list for PBXNativeTarget "Hamburger 2" */ = {
			isa = XCConfigurationList;
			buildConfigurations = (
				21BBA5761FAE6BB9007EB8AB /* Debug */,
				21BBA5771FAE6BB9007EB8AB /* Release */,
			);
			defaultConfigurationIsVisible = 0;
			defaultConfigurationName = Release;
		};
/* End XCConfigurationList section */
	};
	rootObject = 21BBA55B1FAE6BB9007EB8AB /* Project object */;
}
